
Microsoft Visual Studio Solution File, Format Version 12.00
# Visual Studio 15
VisualStudioVersion = 15.0.27130.0
MinimumVisualStudioVersion = 10.0.40219.1
Project("{FAE04EC0-301F-11D3-BF4B-00C04F79EFBC}") = "CsharpHelpers.Test", "CsharpHelpersTest\CsharpHelpers.Test.csproj", "{CCB9F428-041B-4190-B7DF-89BC1010C943}"
EndProject
Project("{FAE04EC0-301F-11D3-BF4B-00C04F79EFBC}") = "CsharpHelpers.Standard", "CsharpHelpers.Standard\CsharpHelpers.Standard.csproj", "{9722988A-EA43-41CB-AAA3-22A73EB3F64C}"
EndProject
Project("{FAE04EC0-301F-11D3-BF4B-00C04F79EFBC}") = "CsharpHelpers.Wpf", "CsharpHelpers.Wpf\CsharpHelpers.Wpf.csproj", "{69937019-14E3-43DB-B7DD-BEED766E0C79}"
EndProject
Global
	GlobalSection(SolutionConfigurationPlatforms) = preSolution
		Debug|Any CPU = Debug|Any CPU
		Release|Any CPU = Release|Any CPU
	EndGlobalSection
	GlobalSection(ProjectConfigurationPlatforms) = postSolution
		{CCB9F428-041B-4190-B7DF-89BC1010C943}.Debug|Any CPU.ActiveCfg = Debug|Any CPU
		{CCB9F428-041B-4190-B7DF-89BC1010C943}.Debug|Any CPU.Build.0 = Debug|Any CPU
		{CCB9F428-041B-4190-B7DF-89BC1010C943}.Release|Any CPU.ActiveCfg = Release|Any CPU
		{CCB9F428-041B-4190-B7DF-89BC1010C943}.Release|Any CPU.Build.0 = Release|Any CPU
		{9722988A-EA43-41CB-AAA3-22A73EB3F64C}.Debug|Any CPU.ActiveCfg = Debug|Any CPU
		{9722988A-EA43-41CB-AAA3-22A73EB3F64C}.Debug|Any CPU.Build.0 = Debug|Any CPU
		{9722988A-EA43-41CB-AAA3-22A73EB3F64C}.Release|Any CPU.ActiveCfg = Release|Any CPU
		{9722988A-EA43-41CB-AAA3-22A73EB3F64C}.Release|Any CPU.Build.0 = Release|Any CPU
		{69937019-14E3-43DB-B7DD-BEED766E0C79}.Debug|Any CPU.ActiveCfg = Debug|Any CPU
		{69937019-14E3-43DB-B7DD-BEED766E0C79}.Debug|Any CPU.Build.0 = Debug|Any CPU
		{69937019-14E3-43DB-B7DD-BEED766E0C79}.Release|Any CPU.ActiveCfg = Release|Any CPU
		{69937019-14E3-43DB-B7DD-BEED766E0C79}.Release|Any CPU.Build.0 = Release|Any CPU
	EndGlobalSection
	GlobalSection(SolutionProperties) = preSolution
		HideSolutionNode = FALSE
	EndGlobalSection
	GlobalSection(ExtensibilityGlobals) = postSolution
		SolutionGuid = {03774084-2D5A-443F-9751-C58D3D13093B}
	EndGlobalSection
EndGlobal
